# This file is automatically @generated by Cargo.
# It is not intended for manual editing.
version = 3

[[package]]
name = "anyhow"
version = "1.0.44"
source = "registry+https://github.com/rust-lang/crates.io-index"
checksum = "61604a8f862e1d5c3229fdd78f8b02c68dcf73a4c4b05fd636d12240aaa242c1"

[[package]]
name = "autocfg"
version = "1.0.1"
source = "registry+https://github.com/rust-lang/crates.io-index"
checksum = "cdb031dd78e28731d87d56cc8ffef4a8f36ca26c38fe2de700543e627f8a464a"

[[package]]
name = "bigdecimal"
version = "0.1.2"
source = "registry+https://github.com/rust-lang/crates.io-index"
checksum = "1374191e2dd25f9ae02e3aa95041ed5d747fc77b3c102b49fe2dd9a8117a6244"
dependencies = [
 "num-bigint",
 "num-integer",
 "num-traits",
]

[[package]]
name = "bitflags"
version = "1.3.2"
source = "registry+https://github.com/rust-lang/crates.io-index"
checksum = "bef38d45163c2f1dde094a7dfd33ccf595c92905c8f8f4fdc18d06fb1037718a"

[[package]]
name = "byteorder"
version = "1.4.3"
source = "registry+https://github.com/rust-lang/crates.io-index"
checksum = "14c189c53d098945499cdfa7ecc63567cf3886b3332b312a5b4585d8d3a6a610"

[[package]]
name = "cfg-if"
version = "0.1.10"
source = "registry+https://github.com/rust-lang/crates.io-index"
checksum = "4785bdd1c96b2a846b2bd7cc02e86b6b3dbf14e7e53446c4f54c92a361040822"

[[package]]
name = "cfg-if"
version = "1.0.0"
source = "registry+https://github.com/rust-lang/crates.io-index"
checksum = "baf1de4339761588bc0619e3cbc0120ee582ebb74b53b4efbf79117bd2da40fd"

[[package]]
name = "chrono"
version = "0.4.19"
source = "registry+https://github.com/rust-lang/crates.io-index"
checksum = "670ad68c9088c2a963aaa298cb369688cf3f9465ce5e2d4ca10e6e0098a1ce73"
dependencies = [
 "libc",
 "num-integer",
 "num-traits",
 "time",
 "winapi",
]

[[package]]
name = "diesel"
version = "1.4.8"
source = "registry+https://github.com/rust-lang/crates.io-index"
checksum = "b28135ecf6b7d446b43e27e225622a038cc4e2930a1022f51cdb97ada19b8e4d"
dependencies = [
 "bigdecimal",
 "byteorder",
 "chrono",
 "diesel_derives",
 "ipnetwork",
 "libc",
 "libsqlite3-sys",
 "num-bigint",
 "num-integer",
 "num-traits",
 "r2d2",
 "serde_json",
 "time",
 "uuid",
]

[[package]]
name = "diesel_derives"
version = "1.4.1"
source = "registry+https://github.com/rust-lang/crates.io-index"
checksum = "45f5098f628d02a7a0f68ddba586fb61e80edec3bdc1be3b921f4ceec60858d3"
dependencies = [
 "proc-macro2",
 "quote",
 "syn",
]

[[package]]
name = "instant"
version = "0.1.11"
source = "registry+https://github.com/rust-lang/crates.io-index"
checksum = "716d3d89f35ac6a34fd0eed635395f4c3b76fa889338a4632e5231a8684216bd"
dependencies = [
 "cfg-if 1.0.0",
]

[[package]]
name = "ipnetwork"
version = "0.18.0"
source = "registry+https://github.com/rust-lang/crates.io-index"
checksum = "4088d739b183546b239688ddbc79891831df421773df95e236daf7867866d355"
dependencies = [
 "serde",
]

[[package]]
name = "itoa"
version = "0.4.8"
source = "registry+https://github.com/rust-lang/crates.io-index"
checksum = "b71991ff56294aa922b450139ee08b3bfc70982c6b2c7562771375cf73542dd4"

[[package]]
name = "libc"
version = "0.2.103"
source = "registry+https://github.com/rust-lang/crates.io-index"
checksum = "dd8f7255a17a627354f321ef0055d63b898c6fb27eff628af4d1b66b7331edf6"

[[package]]
name = "libsqlite3-sys"
version = "0.22.2"
source = "registry+https://github.com/rust-lang/crates.io-index"
checksum = "290b64917f8b0cb885d9de0f9959fe1f775d7fa12f1da2db9001c1c8ab60f89d"
dependencies = [
 "pkg-config",
 "vcpkg",
]

[[package]]
name = "lock_api"
version = "0.4.5"
source = "registry+https://github.com/rust-lang/crates.io-index"
checksum = "712a4d093c9976e24e7dbca41db895dabcbac38eb5f4045393d17a95bdfb1109"
dependencies = [
 "scopeguard",
]

[[package]]
name = "log"
version = "0.4.14"
source = "registry+https://github.com/rust-lang/crates.io-index"
checksum = "51b9bbe6c47d51fc3e1a9b945965946b4c44142ab8792c50835a980d362c2710"
dependencies = [
 "cfg-if 1.0.0",
]

[[package]]
name = "mocword"
version = "0.1.0"
dependencies = [
 "anyhow",
 "diesel",
 "thiserror",
]

[[package]]
name = "num-bigint"
version = "0.2.6"
source = "registry+https://github.com/rust-lang/crates.io-index"
checksum = "090c7f9998ee0ff65aa5b723e4009f7b217707f1fb5ea551329cc4d6231fb304"
dependencies = [
 "autocfg",
 "num-integer",
 "num-traits",
]

[[package]]
name = "num-integer"
version = "0.1.44"
source = "registry+https://github.com/rust-lang/crates.io-index"
checksum = "d2cc698a63b549a70bc047073d2949cce27cd1c7b0a4a862d08a8031bc2801db"
dependencies = [
 "autocfg",
 "num-traits",
]

[[package]]
name = "num-traits"
version = "0.2.14"
source = "registry+https://github.com/rust-lang/crates.io-index"
checksum = "9a64b1ec5cda2586e284722486d802acf1f7dbdc623e2bfc57e65ca1cd099290"
dependencies = [
 "autocfg",
]

[[package]]
name = "parking_lot"
version = "0.11.2"
source = "registry+https://github.com/rust-lang/crates.io-index"
checksum = "7d17b78036a60663b797adeaee46f5c9dfebb86948d1255007a1d6be0271ff99"
dependencies = [
 "instant",
 "lock_api",
 "parking_lot_core",
]

[[package]]
name = "parking_lot_core"
version = "0.8.5"
source = "registry+https://github.com/rust-lang/crates.io-index"
checksum = "d76e8e1493bcac0d2766c42737f34458f1c8c50c0d23bcb24ea953affb273216"
dependencies = [
 "cfg-if 1.0.0",
 "instant",
 "libc",
 "redox_syscall",
 "smallvec",
 "winapi",
]

[[package]]
name = "pkg-config"
version = "0.3.20"
source = "registry+https://github.com/rust-lang/crates.io-index"
checksum = "7c9b1041b4387893b91ee6746cddfc28516aff326a3519fb2adf820932c5e6cb"

[[package]]
name = "proc-macro2"
version = "1.0.29"
source = "registry+https://github.com/rust-lang/crates.io-index"
checksum = "b9f5105d4fdaab20335ca9565e106a5d9b82b6219b5ba735731124ac6711d23d"
dependencies = [
 "unicode-xid",
]

[[package]]
name = "quote"
version = "1.0.10"
source = "registry+https://github.com/rust-lang/crates.io-index"
checksum = "38bc8cc6a5f2e3655e0899c1b848643b2562f853f114bfec7be120678e3ace05"
dependencies = [
 "proc-macro2",
]

[[package]]
name = "r2d2"
version = "0.8.9"
source = "registry+https://github.com/rust-lang/crates.io-index"
checksum = "545c5bc2b880973c9c10e4067418407a0ccaa3091781d1671d46eb35107cb26f"
dependencies = [
 "log",
 "parking_lot",
 "scheduled-thread-pool",
]

[[package]]
name = "redox_syscall"
version = "0.2.10"
source = "registry+https://github.com/rust-lang/crates.io-index"
checksum = "8383f39639269cde97d255a32bdb68c047337295414940c68bdd30c2e13203ff"
dependencies = [
 "bitflags",
]

[[package]]
name = "ryu"
version = "1.0.5"
source = "registry+https://github.com/rust-lang/crates.io-index"
checksum = "71d301d4193d031abdd79ff7e3dd721168a9572ef3fe51a1517aba235bd8f86e"

[[package]]
name = "scheduled-thread-pool"
version = "0.2.5"
source = "registry+https://github.com/rust-lang/crates.io-index"
checksum = "dc6f74fd1204073fa02d5d5d68bec8021be4c38690b61264b2fdb48083d0e7d7"
dependencies = [
 "parking_lot",
]

[[package]]
name = "scopeguard"
version = "1.1.0"
source = "registry+https://github.com/rust-lang/crates.io-index"
checksum = "d29ab0c6d3fc0ee92fe66e2d99f700eab17a8d57d1c1d3b748380fb20baa78cd"

[[package]]
name = "serde"
version = "1.0.130"
source = "registry+https://github.com/rust-lang/crates.io-index"
checksum = "f12d06de37cf59146fbdecab66aa99f9fe4f78722e3607577a5375d66bd0c913"

[[package]]
name = "serde_json"
version = "1.0.68"
source = "registry+https://github.com/rust-lang/crates.io-index"
checksum = "0f690853975602e1bfe1ccbf50504d67174e3bcf340f23b5ea9992e0587a52d8"
dependencies = [
 "itoa",
 "ryu",
 "serde",
]

[[package]]
name = "smallvec"
version = "1.7.0"
source = "registry+https://github.com/rust-lang/crates.io-index"
checksum = "1ecab6c735a6bb4139c0caafd0cc3635748bbb3acf4550e8138122099251f309"

[[package]]
name = "syn"
version = "1.0.80"
source = "registry+https://github.com/rust-lang/crates.io-index"
checksum = "d010a1623fbd906d51d650a9916aaefc05ffa0e4053ff7fe601167f3e715d194"
dependencies = [
 "proc-macro2",
 "quote",
 "unicode-xid",
]

[[package]]
name = "thiserror"
version = "1.0.30"
source = "registry+https://github.com/rust-lang/crates.io-index"
checksum = "854babe52e4df1653706b98fcfc05843010039b406875930a70e4d9644e5c417"
dependencies = [
 "thiserror-impl",
]

[[package]]
name = "thiserror-impl"
version = "1.0.30"
source = "registry+https://github.com/rust-lang/crates.io-index"
checksum = "aa32fd3f627f367fe16f893e2597ae3c05020f8bba2666a4e6ea73d377e5714b"
dependencies = [
 "proc-macro2",
 "quote",
 "syn",
]

[[package]]
name = "time"
version = "0.1.44"
source = "registry+https://github.com/rust-lang/crates.io-index"
checksum = "6db9e6914ab8b1ae1c260a4ae7a49b6c5611b40328a735b21862567685e73255"
dependencies = [
 "libc",
 "wasi",
 "winapi",
]

[[package]]
name = "unicode-xid"
version = "0.2.2"
source = "registry+https://github.com/rust-lang/crates.io-index"
checksum = "8ccb82d61f80a663efe1f787a51b16b5a51e3314d6ac365b08639f52387b33f3"

[[package]]
name = "uuid"
version = "0.6.5"
source = "registry+https://github.com/rust-lang/crates.io-index"
checksum = "e1436e58182935dcd9ce0add9ea0b558e8a87befe01c1a301e6020aeb0876363"
dependencies = [
 "cfg-if 0.1.10",
]

[[package]]
name = "vcpkg"
version = "0.2.15"
source = "registry+https://github.com/rust-lang/crates.io-index"
checksum = "accd4ea62f7bb7a82fe23066fb0957d48ef677f6eeb8215f372f52e48bb32426"

[[package]]
name = "wasi"
version = "0.10.0+wasi-snapshot-preview1"
source = "registry+https://github.com/rust-lang/crates.io-index"
checksum = "1a143597ca7c7793eff794def352d41792a93c481eb1042423ff7ff72ba2c31f"

[[package]]
name = "winapi"
version = "0.3.9"
source = "registry+https://github.com/rust-lang/crates.io-index"
checksum = "5c839a674fcd7a98952e593242ea400abe93992746761e38641405d28b00f419"
dependencies = [
 "winapi-i686-pc-windows-gnu",
 "winapi-x86_64-pc-windows-gnu",
]

[[package]]
name = "winapi-i686-pc-windows-gnu"
version = "0.4.0"
source = "registry+https://github.com/rust-lang/crates.io-index"
checksum = "ac3b87c63620426dd9b991e5ce0329eff545bccbbb34f3be09ff6fb6ab51b7b6"

[[package]]
name = "winapi-x86_64-pc-windows-gnu"
version = "0.4.0"
source = "registry+https://github.com/rust-lang/crates.io-index"
checksum = "712e227841d057c1ee1cd2fb22fa7e5a5461ae8e48fa2ca79ec42cfc1931183f"
